
Microsoft Visual Studio Solution File, Format Version 12.00
# Visual Studio 15
Project("{FAE04EC0-301F-11D3-BF4B-00C04F79EFBC}") = "DapperInClass", "DapperInClass\DapperInClass.csproj", "{F6AC2B16-96FF-45F9-8211-42A2153F40D2}"
EndProject
Global
	GlobalSection(SolutionConfigurationPlatforms) = preSolution
		Debug|Any CPU = Debug|Any CPU
		Release|Any CPU = Release|Any CPU
	EndGlobalSection
	GlobalSection(ProjectConfigurationPlatforms) = postSolution
		{F6AC2B16-96FF-45F9-8211-42A2153F40D2}.Debug|Any CPU.ActiveCfg = Debug|Any CPU
		{F6AC2B16-96FF-45F9-8211-42A2153F40D2}.Debug|Any CPU.Build.0 = Debug|Any CPU
		{F6AC2B16-96FF-45F9-8211-42A2153F40D2}.Release|Any CPU.ActiveCfg = Release|Any CPU
		{F6AC2B16-96FF-45F9-8211-42A2153F40D2}.Release|Any CPU.Build.0 = Release|Any CPU
	EndGlobalSection
EndGlobal
